
Microsoft Visual Studio Solution File, Format Version 12.00
# Visual Studio Version 17
VisualStudioVersion = 17.0.32112.339
MinimumVisualStudioVersion = 10.0.40219.1
Project("{FAE04EC0-301F-11D3-BF4B-00C04F79EFBC}") = "AtYarışı", "AtYarışı\AtYarışı.csproj", "{64BB41A5-BF30-427A-A8FD-3CE48860F395}"
EndProject
Global
	GlobalSection(SolutionConfigurationPlatforms) = preSolution
		Debug|Any CPU = Debug|Any CPU
		Release|Any CPU = Release|Any CPU
	EndGlobalSection
	GlobalSection(ProjectConfigurationPlatforms) = postSolution
		{64BB41A5-BF30-427A-A8FD-3CE48860F395}.Debug|Any CPU.ActiveCfg = Debug|Any CPU
		{64BB41A5-BF30-427A-A8FD-3CE48860F395}.Debug|Any CPU.Build.0 = Debug|Any CPU
		{64BB41A5-BF30-427A-A8FD-3CE48860F395}.Release|Any CPU.ActiveCfg = Release|Any CPU
		{64BB41A5-BF30-427A-A8FD-3CE48860F395}.Release|Any CPU.Build.0 = Release|Any CPU
	EndGlobalSection
	GlobalSection(SolutionProperties) = preSolution
		HideSolutionNode = FALSE
	EndGlobalSection
	GlobalSection(ExtensibilityGlobals) = postSolution
		SolutionGuid = {521B2FFB-9499-44DF-B716-094342E59104}
	EndGlobalSection
EndGlobal
